
Microsoft Visual Studio Solution File, Format Version 12.00
# Visual Studio 2015
Project("{FAE04EC0-301F-11D3-BF4B-00C04F79EFBC}") = "ludumdare36.CSharp", "ludumdare36.CSharp.csproj", "{02D7A3D4-5302-F7BE-A669-7E23334C5DCC}"
EndProject
Global
	GlobalSection(SolutionConfigurationPlatforms) = preSolution
		Debug|Any CPU = Debug|Any CPU
		Release|Any CPU = Release|Any CPU
	EndGlobalSection
	GlobalSection(ProjectConfigurationPlatforms) = postSolution
		{02D7A3D4-5302-F7BE-A669-7E23334C5DCC}.Debug|Any CPU.ActiveCfg = Debug|Any CPU
		{02D7A3D4-5302-F7BE-A669-7E23334C5DCC}.Debug|Any CPU.Build.0 = Debug|Any CPU
		{02D7A3D4-5302-F7BE-A669-7E23334C5DCC}.Release|Any CPU.ActiveCfg = Release|Any CPU
		{02D7A3D4-5302-F7BE-A669-7E23334C5DCC}.Release|Any CPU.Build.0 = Release|Any CPU
	EndGlobalSection
	GlobalSection(SolutionProperties) = preSolution
		HideSolutionNode = FALSE
	EndGlobalSection
EndGlobal
